// !$*UTF8*$!
{
	archiveVersion = 1;
	classes = {
	};
	objectVersion = 55;
	objects = {

/* Begin PBXBuildFile section */
		1CD476060EBB66A0D1C61770 /* Pods_TernovskoyIA2_9.framework in Frameworks */ = {isa = PBXBuildFile; fileRef = AAEA724818FC679099A93EBB /* Pods_TernovskoyIA2_9.framework */; };
		310EB97E280B0022000B9E4E /* AppDelegate.swift in Sources */ = {isa = PBXBuildFile; fileRef = 310EB97D280B0022000B9E4E /* AppDelegate.swift */; };
		310EB980280B0022000B9E4E /* SceneDelegate.swift in Sources */ = {isa = PBXBuildFile; fileRef = 310EB97F280B0022000B9E4E /* SceneDelegate.swift */; };
		310EB982280B0022000B9E4E /* ViewController.swift in Sources */ = {isa = PBXBuildFile; fileRef = 310EB981280B0022000B9E4E /* ViewController.swift */; };
		310EB985280B0022000B9E4E /* Main.storyboard in Resources */ = {isa = PBXBuildFile; fileRef = 310EB983280B0022000B9E4E /* Main.storyboard */; };
		310EB987280B0024000B9E4E /* Assets.xcassets in Resources */ = {isa = PBXBuildFile; fileRef = 310EB986280B0024000B9E4E /* Assets.xcassets */; };
		310EB98A280B0024000B9E4E /* LaunchScreen.storyboard in Resources */ = {isa = PBXBuildFile; fileRef = 310EB988280B0024000B9E4E /* LaunchScreen.storyboard */; };
		31AA3530280B013A008B8EAE /* Animation.swift in Sources */ = {isa = PBXBuildFile; fileRef = 31AA352F280B013A008B8EAE /* Animation.swift */; };
		31AA3532280B0148008B8EAE /* DataManager.swift in Sources */ = {isa = PBXBuildFile; fileRef = 31AA3531280B0148008B8EAE /* DataManager.swift */; };
/* End PBXBuildFile section */

/* Begin PBXFileReference section */
		310EB97A280B0022000B9E4E /* TernovskoyIA2.9.app */ = {isa = PBXFileReference; explicitFileType = wrapper.application; includeInIndex = 0; path = TernovskoyIA2.9.app; sourceTree = BUILT_PRODUCTS_DIR; };
		310EB97D280B0022000B9E4E /* AppDelegate.swift */ = {isa = PBXFileReference; lastKnownFileType = sourcecode.swift; path = AppDelegate.swift; sourceTree = "<group>"; };
		310EB97F280B0022000B9E4E /* SceneDelegate.swift */ = {isa = PBXFileReference; lastKnownFileType = sourcecode.swift; path = SceneDelegate.swift; sourceTree = "<group>"; };
		310EB981280B0022000B9E4E /* ViewController.swift */ = {isa = PBXFileReference; lastKnownFileType = sourcecode.swift; path = ViewController.swift; sourceTree = "<group>"; };
		310EB984280B0022000B9E4E /* Base */ = {isa = PBXFileReference; lastKnownFileType = file.storyboard; name = Base; path = Base.lproj/Main.storyboard; sourceTree = "<group>"; };
		310EB986280B0024000B9E4E /* Assets.xcassets */ = {isa = PBXFileReference; lastKnownFileType = folder.assetcatalog; path = Assets.xcassets; sourceTree = "<group>"; };
		310EB989280B0024000B9E4E /* Base */ = {isa = PBXFileReference; lastKnownFileType = file.storyboard; name = Base; path = Base.lproj/LaunchScreen.storyboard; sourceTree = "<group>"; };
		310EB98B280B0025000B9E4E /* Info.plist */ = {isa = PBXFileReference; lastKnownFileType = text.plist.xml; path = Info.plist; sourceTree = "<group>"; };
		31AA352F280B013A008B8EAE /* Animation.swift */ = {isa = PBXFileReference; lastKnownFileType = sourcecode.swift; path = Animation.swift; sourceTree = "<group>"; };
		31AA3531280B0148008B8EAE /* DataManager.swift */ = {isa = PBXFileReference; lastKnownFileType = sourcecode.swift; path = DataManager.swift; sourceTree = "<group>"; };
		9A81CF559EB3031ED72F5D8B /* Pods-TernovskoyIA2.9.release.xcconfig */ = {isa = PBXFileReference; includeInIndex = 1; lastKnownFileType = text.xcconfig; name = "Pods-TernovskoyIA2.9.release.xcconfig"; path = "Target Support Files/Pods-TernovskoyIA2.9/Pods-TernovskoyIA2.9.release.xcconfig"; sourceTree = "<group>"; };
		AAEA724818FC679099A93EBB /* Pods_TernovskoyIA2_9.framework */ = {isa = PBXFileReference; explicitFileType = wrapper.framework; includeInIndex = 0; path = Pods_TernovskoyIA2_9.framework; sourceTree = BUILT_PRODUCTS_DIR; };
		E9185291BE3956DAB0F511F4 /* Pods-TernovskoyIA2.9.debug.xcconfig */ = {isa = PBXFileReference; includeInIndex = 1; lastKnownFileType = text.xcconfig; name = "Pods-TernovskoyIA2.9.debug.xcconfig"; path = "Target Support Files/Pods-TernovskoyIA2.9/Pods-TernovskoyIA2.9.debug.xcconfig"; sourceTree = "<group>"; };
/* End PBXFileReference section */

/* Begin PBXFrameworksBuildPhase section */
		310EB977280B0022000B9E4E /* Frameworks */ = {
			isa = PBXFrameworksBuildPhase;
			buildActionMask = 2147483647;
			files = (
				1CD476060EBB66A0D1C61770 /* Pods_TernovskoyIA2_9.framework in Frameworks */,
			);
			runOnlyForDeploymentPostprocessing = 0;
		};
/* End PBXFrameworksBuildPhase section */

/* Begin PBXGroup section */
		310EB971280B0022000B9E4E = {
			isa = PBXGroup;
			children = (
				310EB97C280B0022000B9E4E /* TernovskoyIA2.9 */,
				310EB97B280B0022000B9E4E /* Products */,
				DD43D24DB0280274E0444266 /* Pods */,
				9126EF53DEED52E2BC3BC6BD /* Frameworks */,
			);
			sourceTree = "<group>";
		};
		310EB97B280B0022000B9E4E /* Products */ = {
			isa = PBXGroup;
			children = (
				310EB97A280B0022000B9E4E /* TernovskoyIA2.9.app */,
			);
			name = Products;
			sourceTree = "<group>";
		};
		310EB97C280B0022000B9E4E /* TernovskoyIA2.9 */ = {
			isa = PBXGroup;
			children = (
				310EB97D280B0022000B9E4E /* AppDelegate.swift */,
				310EB97F280B0022000B9E4E /* SceneDelegate.swift */,
				310EB981280B0022000B9E4E /* ViewController.swift */,
				310EB983280B0022000B9E4E /* Main.storyboard */,
				31AA352F280B013A008B8EAE /* Animation.swift */,
				31AA3531280B0148008B8EAE /* DataManager.swift */,
				310EB986280B0024000B9E4E /* Assets.xcassets */,
				310EB988280B0024000B9E4E /* LaunchScreen.storyboard */,
				310EB98B280B0025000B9E4E /* Info.plist */,
			);
			path = TernovskoyIA2.9;
			sourceTree = "<group>";
		};
		9126EF53DEED52E2BC3BC6BD /* Frameworks */ = {
			isa = PBXGroup;
			children = (
				AAEA724818FC679099A93EBB /* Pods_TernovskoyIA2_9.framework */,
			);
			name = Frameworks;
			sourceTree = "<group>";
		};
		DD43D24DB0280274E0444266 /* Pods */ = {
			isa = PBXGroup;
			children = (
				E9185291BE3956DAB0F511F4 /* Pods-TernovskoyIA2.9.debug.xcconfig */,
				9A81CF559EB3031ED72F5D8B /* Pods-TernovskoyIA2.9.release.xcconfig */,
			);
			path = Pods;
			sourceTree = "<group>";
		};
/* End PBXGroup section */

/* Begin PBXNativeTarget section */
		310EB979280B0022000B9E4E /* TernovskoyIA2.9 */ = {
			isa = PBXNativeTarget;
			buildConfigurationList = 310EB98E280B0025000B9E4E /* Build configuration list for PBXNativeTarget "TernovskoyIA2.9" */;
			buildPhases = (
				1AAE59A46F6DECC9ACCAD421 /* [CP] Check Pods Manifest.lock */,
				310EB976280B0022000B9E4E /* Sources */,
				310EB977280B0022000B9E4E /* Frameworks */,
				310EB978280B0022000B9E4E /* Resources */,
				5C27664EB3AA936BA42E51DD /* [CP] Embed Pods Frameworks */,
			);
			buildRules = (
			);
			dependencies = (
			);
			name = TernovskoyIA2.9;
			productName = TernovskoyIA2.9;
			productReference = 310EB97A280B0022000B9E4E /* TernovskoyIA2.9.app */;
			productType = "com.apple.product-type.application";
		};
/* End PBXNativeTarget section */

/* Begin PBXProject section */
		310EB972280B0022000B9E4E /* Project object */ = {
			isa = PBXProject;
			attributes = {
				BuildIndependentTargetsInParallel = 1;
				LastSwiftUpdateCheck = 1330;
				LastUpgradeCheck = 1330;
				TargetAttributes = {
					310EB979280B0022000B9E4E = {
						CreatedOnToolsVersion = 13.3.1;
					};
				};
			};
			buildConfigurationList = 310EB975280B0022000B9E4E /* Build configuration list for PBXProject "TernovskoyIA2.9" */;
			compatibilityVersion = "Xcode 13.0";
			developmentRegion = en;
			hasScannedForEncodings = 0;
			knownRegions = (
				en,
				Base,
			);
			mainGroup = 310EB971280B0022000B9E4E;
			productRefGroup = 310EB97B280B0022000B9E4E /* Products */;
			projectDirPath = "";
			projectRoot = "";
			targets = (
				310EB979280B0022000B9E4E /* TernovskoyIA2.9 */,
			);
		};
/* End PBXProject section */

/* Begin PBXResourcesBuildPhase section */
		310EB978280B0022000B9E4E /* Resources */ = {
			isa = PBXResourcesBuildPhase;
			buildActionMask = 2147483647;
			files = (
				310EB98A280B0024000B9E4E /* LaunchScreen.storyboard in Resources */,
				310EB987280B0024000B9E4E /* Assets.xcassets in Resources */,
				310EB985280B0022000B9E4E /* Main.storyboard in Resources */,
			);
			runOnlyForDeploymentPostprocessing = 0;
		};
/* End PBXResourcesBuildPhase section */

/* Begin PBXShellScriptBuildPhase section */
		1AAE59A46F6DECC9ACCAD421 /* [CP] Check Pods Manifest.lock */ = {
			isa = PBXShellScriptBuildPhase;
			buildActionMask = 2147483647;
			files = (
			);
			inputFileListPaths = (
			);
			inputPaths = (
				"${PODS_PODFILE_DIR_PATH}/Podfile.lock",
				"${PODS_ROOT}/Manifest.lock",
			);
			name = "[CP] Check Pods Manifest.lock";
			outputFileListPaths = (
			);
			outputPaths = (
				"$(DERIVED_FILE_DIR)/Pods-TernovskoyIA2.9-checkManifestLockResult.txt",
			);
			runOnlyForDeploymentPostprocessing = 0;
			shellPath = /bin/sh;
			shellScript = "diff \"${PODS_PODFILE_DIR_PATH}/Podfile.lock\" \"${PODS_ROOT}/Manifest.lock\" > /dev/null\nif [ $? != 0 ] ; then\n    # print error to STDERR\n    echo \"error: The sandbox is not in sync with the Podfile.lock. Run 'pod install' or update your CocoaPods installation.\" >&2\n    exit 1\nfi\n# This output is used by Xcode 'outputs' to avoid re-running this script phase.\necho \"SUCCESS\" > \"${SCRIPT_OUTPUT_FILE_0}\"\n";
			showEnvVarsInLog = 0;
		};
		5C27664EB3AA936BA42E51DD /* [CP] Embed Pods Frameworks */ = {
			isa = PBXShellScriptBuildPhase;
			buildActionMask = 2147483647;
			files = (
			);
			inputFileListPaths = (
				"${PODS_ROOT}/Target Support Files/Pods-TernovskoyIA2.9/Pods-TernovskoyIA2.9-frameworks-${CONFIGURATION}-input-files.xcfilelist",
			);
			name = "[CP] Embed Pods Frameworks";
			outputFileListPaths = (
				"${PODS_ROOT}/Target Support Files/Pods-TernovskoyIA2.9/Pods-TernovskoyIA2.9-frameworks-${CONFIGURATION}-output-files.xcfilelist",
			);
			runOnlyForDeploymentPostprocessing = 0;
			shellPath = /bin/sh;
			shellScript = "\"${PODS_ROOT}/Target Support Files/Pods-TernovskoyIA2.9/Pods-TernovskoyIA2.9-frameworks.sh\"\n";
			showEnvVarsInLog = 0;
		};
/* End PBXShellScriptBuildPhase section */

/* Begin PBXSourcesBuildPhase section */
		310EB976280B0022000B9E4E /* Sources */ = {
			isa = PBXSourcesBuildPhase;
			buildActionMask = 2147483647;
			files = (
				310EB982280B0022000B9E4E /* ViewController.swift in Sources */,
				31AA3532280B0148008B8EAE /* DataManager.swift in Sources */,
				310EB97E280B0022000B9E4E /* AppDelegate.swift in Sources */,
				31AA3530280B013A008B8EAE /* Animation.swift in Sources */,
				310EB980280B0022000B9E4E /* SceneDelegate.swift in Sources */,
			);
			runOnlyForDeploymentPostprocessing = 0;
		};
/* End PBXSourcesBuildPhase section */

/* Begin PBXVariantGroup section */
		310EB983280B0022000B9E4E /* Main.storyboard */ = {
			isa = PBXVariantGroup;
			children = (
				310EB984280B0022000B9E4E /* Base */,
			);
			name = Main.storyboard;
			sourceTree = "<group>";
		};
		310EB988280B0024000B9E4E /* LaunchScreen.storyboard */ = {
			isa = PBXVariantGroup;
			children = (
				310EB989280B0024000B9E4E /* Base */,
			);
			name = LaunchScreen.storyboard;
			sourceTree = "<group>";
		};
/* End PBXVariantGroup section */

/* Begin XCBuildConfiguration section */
		310EB98C280B0025000B9E4E /* Debug */ = {
			isa = XCBuildConfiguration;
			buildSettings = {
				ALWAYS_SEARCH_USER_PATHS = NO;
				CLANG_ANALYZER_NONNULL = YES;
				CLANG_ANALYZER_NUMBER_OBJECT_CONVERSION = YES_AGGRESSIVE;
				CLANG_CXX_LANGUAGE_STANDARD = "gnu++17";
				CLANG_ENABLE_MODULES = YES;
				CLANG_ENABLE_OBJC_ARC = YES;
				CLANG_ENABLE_OBJC_WEAK = YES;
				CLANG_WARN_BLOCK_CAPTURE_AUTORELEASING = YES;
				CLANG_WARN_BOOL_CONVERSION = YES;
				CLANG_WARN_COMMA = YES;
				CLANG_WARN_CONSTANT_CONVERSION = YES;
				CLANG_WARN_DEPRECATED_OBJC_IMPLEMENTATIONS = YES;
				CLANG_WARN_DIRECT_OBJC_ISA_USAGE = YES_ERROR;
				CLANG_WARN_DOCUMENTATION_COMMENTS = YES;
				CLANG_WARN_EMPTY_BODY = YES;
				CLANG_WARN_ENUM_CONVERSION = YES;
				CLANG_WARN_INFINITE_RECURSION = YES;
				CLANG_WARN_INT_CONVERSION = YES;
				CLANG_WARN_NON_LITERAL_NULL_CONVERSION = YES;
				CLANG_WARN_OBJC_IMPLICIT_RETAIN_SELF = YES;
				CLANG_WARN_OBJC_LITERAL_CONVERSION = YES;
				CLANG_WARN_OBJC_ROOT_CLASS = YES_ERROR;
				CLANG_WARN_QUOTED_INCLUDE_IN_FRAMEWORK_HEADER = YES;
				CLANG_WARN_RANGE_LOOP_ANALYSIS = YES;
				CLANG_WARN_STRICT_PROTOTYPES = YES;
				CLANG_WARN_SUSPICIOUS_MOVE = YES;
				CLANG_WARN_UNGUARDED_AVAILABILITY = YES_AGGRESSIVE;
				CLANG_WARN_UNREACHABLE_CODE = YES;
				CLANG_WARN__DUPLICATE_METHOD_MATCH = YES;
				COPY_PHASE_STRIP = NO;
				DEBUG_INFORMATION_FORMAT = dwarf;
				ENABLE_STRICT_OBJC_MSGSEND = YES;
				ENABLE_TESTABILITY = YES;
				GCC_C_LANGUAGE_STANDARD = gnu11;
				GCC_DYNAMIC_NO_PIC = NO;
				GCC_NO_COMMON_BLOCKS = YES;
				GCC_OPTIMIZATION_LEVEL = 0;
				GCC_PREPROCESSOR_DEFINITIONS = (
					"DEBUG=1",
					"$(inherited)",
				);
				GCC_WARN_64_TO_32_BIT_CONVERSION = YES;
				GCC_WARN_ABOUT_RETURN_TYPE = YES_ERROR;
				GCC_WARN_UNDECLARED_SELECTOR = YES;
				GCC_WARN_UNINITIALIZED_AUTOS = YES_AGGRESSIVE;
				GCC_WARN_UNUSED_FUNCTION = YES;
				GCC_WARN_UNUSED_VARIABLE = YES;
				IPHONEOS_DEPLOYMENT_TARGET = 15.4;
				MTL_ENABLE_DEBUG_INFO = INCLUDE_SOURCE;
				MTL_FAST_MATH = YES;
				ONLY_ACTIVE_ARCH = YES;
				SDKROOT = iphoneos;
				SWIFT_ACTIVE_COMPILATION_CONDITIONS = DEBUG;
				SWIFT_OPTIMIZATION_LEVEL = "-Onone";
			};
			name = Debug;
		};
		310EB98D280B0025000B9E4E /* Release */ = {
			isa = XCBuildConfiguration;
			buildSettings = {
				ALWAYS_SEARCH_USER_PATHS = NO;
				CLANG_ANALYZER_NONNULL = YES;
				CLANG_ANALYZER_NUMBER_OBJECT_CONVERSION = YES_AGGRESSIVE;
				CLANG_CXX_LANGUAGE_STANDARD = "gnu++17";
				CLANG_ENABLE_MODULES = YES;
				CLANG_ENABLE_OBJC_ARC = YES;
				CLANG_ENABLE_OBJC_WEAK = YES;
				CLANG_WARN_BLOCK_CAPTURE_AUTORELEASING = YES;
				CLANG_WARN_BOOL_CONVERSION = YES;
				CLANG_WARN_COMMA = YES;
				CLANG_WARN_CONSTANT_CONVERSION = YES;
				CLANG_WARN_DEPRECATED_OBJC_IMPLEMENTATIONS = YES;
				CLANG_WARN_DIRECT_OBJC_ISA_USAGE = YES_ERROR;
				CLANG_WARN_DOCUMENTATION_COMMENTS = YES;
				CLANG_WARN_EMPTY_BODY = YES;
				CLANG_WARN_ENUM_CONVERSION = YES;
				CLANG_WARN_INFINITE_RECURSION = YES;
				CLANG_WARN_INT_CONVERSION = YES;
				CLANG_WARN_NON_LITERAL_NULL_CONVERSION = YES;
				CLANG_WARN_OBJC_IMPLICIT_RETAIN_SELF = YES;
				CLANG_WARN_OBJC_LITERAL_CONVERSION = YES;
				CLANG_WARN_OBJC_ROOT_CLASS = YES_ERROR;
				CLANG_WARN_QUOTED_INCLUDE_IN_FRAMEWORK_HEADER = YES;
				CLANG_WARN_RANGE_LOOP_ANALYSIS = YES;
				CLANG_WARN_STRICT_PROTOTYPES = YES;
				CLANG_WARN_SUSPICIOUS_MOVE = YES;
				CLANG_WARN_UNGUARDED_AVAILABILITY = YES_AGGRESSIVE;
				CLANG_WARN_UNREACHABLE_CODE = YES;
				CLANG_WARN__DUPLICATE_METHOD_MATCH = YES;
				COPY_PHASE_STRIP = NO;
				DEBUG_INFORMATION_FORMAT = "dwarf-with-dsym";
				ENABLE_NS_ASSERTIONS = NO;
				ENABLE_STRICT_OBJC_MSGSEND = YES;
				GCC_C_LANGUAGE_STANDARD = gnu11;
				GCC_NO_COMMON_BLOCKS = YES;
				GCC_WARN_64_TO_32_BIT_CONVERSION = YES;
				GCC_WARN_ABOUT_RETURN_TYPE = YES_ERROR;
				GCC_WARN_UNDECLARED_SELECTOR = YES;
				GCC_WARN_UNINITIALIZED_AUTOS = YES_AGGRESSIVE;
				GCC_WARN_UNUSED_FUNCTION = YES;
				GCC_WARN_UNUSED_VARIABLE = YES;
				IPHONEOS_DEPLOYMENT_TARGET = 15.4;
				MTL_ENABLE_DEBUG_INFO = NO;
				MTL_FAST_MATH = YES;
				SDKROOT = iphoneos;
				SWIFT_COMPILATION_MODE = wholemodule;
				SWIFT_OPTIMIZATION_LEVEL = "-O";
				VALIDATE_PRODUCT = YES;
			};
			name = Release;
		};
		310EB98F280B0025000B9E4E /* Debug */ = {
			isa = XCBuildConfiguration;
			baseConfigurationReference = E9185291BE3956DAB0F511F4 /* Pods-TernovskoyIA2.9.debug.xcconfig */;
			buildSettings = {
				ASSETCATALOG_COMPILER_APPICON_NAME = AppIcon;
				ASSETCATALOG_COMPILER_GLOBAL_ACCENT_COLOR_NAME = AccentColor;
				CODE_SIGN_STYLE = Automatic;
				CURRENT_PROJECT_VERSION = 1;
				DEVELOPMENT_TEAM = XD73DA4KZ4;
				GENERATE_INFOPLIST_FILE = YES;
				INFOPLIST_FILE = TernovskoyIA2.9/Info.plist;
				INFOPLIST_KEY_UIApplicationSupportsIndirectInputEvents = YES;
				INFOPLIST_KEY_UILaunchStoryboardName = LaunchScreen;
				INFOPLIST_KEY_UIMainStoryboardFile = Main;
				INFOPLIST_KEY_UISupportedInterfaceOrientations_iPad = "UIInterfaceOrientationPortrait UIInterfaceOrientationPortraitUpsideDown UIInterfaceOrientationLandscapeLeft UIInterfaceOrientationLandscapeRight";
				INFOPLIST_KEY_UISupportedInterfaceOrientations_iPhone = "UIInterfaceOrientationPortrait UIInterfaceOrientationLandscapeLeft UIInterfaceOrientationLandscapeRight";
				LD_RUNPATH_SEARCH_PATHS = (
					"$(inherited)",
					"@executable_path/Frameworks",
				);
				MARKETING_VERSION = 1.0;
				PRODUCT_BUNDLE_IDENTIFIER = "ru.wickapp.TernovskoyIA2-9";
				PRODUCT_NAME = "$(TARGET_NAME)";
				SWIFT_EMIT_LOC_STRINGS = YES;
				SWIFT_VERSION = 5.0;
				TARGETED_DEVICE_FAMILY = "1,2";
			};
			name = Debug;
		};
		310EB990280B0025000B9E4E /* Release */ = {
			isa = XCBuildConfiguration;
			baseConfigurationReference = 9A81CF559EB3031ED72F5D8B /* Pods-TernovskoyIA2.9.release.xcconfig */;
			buildSettings = {
				ASSETCATALOG_COMPILER_APPICON_NAME = AppIcon;
				ASSETCATALOG_COMPILER_GLOBAL_ACCENT_COLOR_NAME = AccentColor;
				CODE_SIGN_STYLE = Automatic;
				CURRENT_PROJECT_VERSION = 1;
				DEVELOPMENT_TEAM = XD73DA4KZ4;
				GENERATE_INFOPLIST_FILE = YES;
				INFOPLIST_FILE = TernovskoyIA2.9/Info.plist;
				INFOPLIST_KEY_UIApplicationSupportsIndirectInputEvents = YES;
				INFOPLIST_KEY_UILaunchStoryboardName = LaunchScreen;
				INFOPLIST_KEY_UIMainStoryboardFile = Main;
				INFOPLIST_KEY_UISupportedInterfaceOrientations_iPad = "UIInterfaceOrientationPortrait UIInterfaceOrientationPortraitUpsideDown UIInterfaceOrientationLandscapeLeft UIInterfaceOrientationLandscapeRight";
				INFOPLIST_KEY_UISupportedInterfaceOrientations_iPhone = "UIInterfaceOrientationPortrait UIInterfaceOrientationLandscapeLeft UIInterfaceOrientationLandscapeRight";
				LD_RUNPATH_SEARCH_PATHS = (
					"$(inherited)",
					"@executable_path/Frameworks",
				);
				MARKETING_VERSION = 1.0;
				PRODUCT_BUNDLE_IDENTIFIER = "ru.wickapp.TernovskoyIA2-9";
				PRODUCT_NAME = "$(TARGET_NAME)";
				SWIFT_EMIT_LOC_STRINGS = YES;
				SWIFT_VERSION = 5.0;
				TARGETED_DEVICE_FAMILY = "1,2";
			};
			name = Release;
		};
/* End XCBuildConfiguration section */

/* Begin XCConfigurationList section */
		310EB975280B0022000B9E4E /* Build configuration list for PBXProject "TernovskoyIA2.9" */ = {
			isa = XCConfigurationList;
			buildConfigurations = (
				310EB98C280B0025000B9E4E /* Debug */,
				310EB98D280B0025000B9E4E /* Release */,
			);
			defaultConfigurationIsVisible = 0;
			defaultConfigurationName = Release;
		};
		310EB98E280B0025000B9E4E /* Build configuration list for PBXNativeTarget "TernovskoyIA2.9" */ = {
			isa = XCConfigurationList;
			buildConfigurations = (
				310EB98F280B0025000B9E4E /* Debug */,
				310EB990280B0025000B9E4E /* Release */,
			);
			defaultConfigurationIsVisible = 0;
			defaultConfigurationName = Release;
		};
/* End XCConfigurationList section */
	};
	rootObject = 310EB972280B0022000B9E4E /* Project object */;
}
